
Microsoft Visual Studio Solution File, Format Version 12.00
# Visual Studio 15
VisualStudioVersion = 15.0.28307.438
MinimumVisualStudioVersion = 10.0.40219.1
Project("{FAE04EC0-301F-11D3-BF4B-00C04F79EFBC}") = "goldStore", "goldStore\goldStore.csproj", "{07CA0C4A-2BF7-469C-8AD2-6EA22708B305}"
EndProject
Global
	GlobalSection(SolutionConfigurationPlatforms) = preSolution
		Debug|Any CPU = Debug|Any CPU
		Release|Any CPU = Release|Any CPU
	EndGlobalSection
	GlobalSection(ProjectConfigurationPlatforms) = postSolution
		{07CA0C4A-2BF7-469C-8AD2-6EA22708B305}.Debug|Any CPU.ActiveCfg = Debug|Any CPU
		{07CA0C4A-2BF7-469C-8AD2-6EA22708B305}.Debug|Any CPU.Build.0 = Debug|Any CPU
		{07CA0C4A-2BF7-469C-8AD2-6EA22708B305}.Release|Any CPU.ActiveCfg = Release|Any CPU
		{07CA0C4A-2BF7-469C-8AD2-6EA22708B305}.Release|Any CPU.Build.0 = Release|Any CPU
	EndGlobalSection
	GlobalSection(SolutionProperties) = preSolution
		HideSolutionNode = FALSE
	EndGlobalSection
	GlobalSection(ExtensibilityGlobals) = postSolution
		SolutionGuid = {D783695D-C1F5-40AC-83C6-5458856B19B4}
	EndGlobalSection
EndGlobal
